
Microsoft Visual Studio Solution File, Format Version 12.00
Project("{FAE04EC0-301F-11D3-BF4B-00C04F79EFBC}") = "NES", "NES.csproj", "{3660C75F-035D-4EFF-BCDB-3DDDE0D55589}"
EndProject
Global
	GlobalSection(SolutionConfigurationPlatforms) = preSolution
		Debug|Any CPU = Debug|Any CPU
		Release|Any CPU = Release|Any CPU
	EndGlobalSection
	GlobalSection(ProjectConfigurationPlatforms) = postSolution
		{3660C75F-035D-4EFF-BCDB-3DDDE0D55589}.Debug|Any CPU.ActiveCfg = Debug|Any CPU
		{3660C75F-035D-4EFF-BCDB-3DDDE0D55589}.Debug|Any CPU.Build.0 = Debug|Any CPU
		{3660C75F-035D-4EFF-BCDB-3DDDE0D55589}.Release|Any CPU.ActiveCfg = Release|Any CPU
		{3660C75F-035D-4EFF-BCDB-3DDDE0D55589}.Release|Any CPU.Build.0 = Release|Any CPU
	EndGlobalSection
EndGlobal
